
Microsoft Visual Studio Solution File, Format Version 12.00
# Visual Studio Version 16
VisualStudioVersion = 16.0.29728.190
MinimumVisualStudioVersion = 10.0.40219.1
Project("{FAE04EC0-301F-11D3-BF4B-00C04F79EFBC}") = "ProjetoTeste", "ProjetoTeste.csproj", "{F28BF87F-3BB2-48EE-A1A4-6F7BE56C3310}"
EndProject
Global
	GlobalSection(SolutionConfigurationPlatforms) = preSolution
		Debug|Any CPU = Debug|Any CPU
		Release|Any CPU = Release|Any CPU
	EndGlobalSection
	GlobalSection(ProjectConfigurationPlatforms) = postSolution
		{F28BF87F-3BB2-48EE-A1A4-6F7BE56C3310}.Debug|Any CPU.ActiveCfg = Debug|Any CPU
		{F28BF87F-3BB2-48EE-A1A4-6F7BE56C3310}.Debug|Any CPU.Build.0 = Debug|Any CPU
		{F28BF87F-3BB2-48EE-A1A4-6F7BE56C3310}.Release|Any CPU.ActiveCfg = Release|Any CPU
		{F28BF87F-3BB2-48EE-A1A4-6F7BE56C3310}.Release|Any CPU.Build.0 = Release|Any CPU
	EndGlobalSection
	GlobalSection(SolutionProperties) = preSolution
		HideSolutionNode = FALSE
	EndGlobalSection
	GlobalSection(ExtensibilityGlobals) = postSolution
		SolutionGuid = {32C2ABA0-B5A1-4324-AC91-D8D76FEBCA28}
	EndGlobalSection
EndGlobal
